
Microsoft Visual Studio Solution File, Format Version 12.00
# Visual Studio Version 16
VisualStudioVersion = 16.0.31112.23
MinimumVisualStudioVersion = 10.0.40219.1
Project("{FAE04EC0-301F-11D3-BF4B-00C04F79EFBC}") = "DesignPattern_Strategy", "DesignPattern_Strategy\DesignPattern_Strategy.csproj", "{4732CB1D-80A6-4EDC-ABDB-D5727A690548}"
EndProject
Global
	GlobalSection(SolutionConfigurationPlatforms) = preSolution
		Debug|Any CPU = Debug|Any CPU
		Release|Any CPU = Release|Any CPU
	EndGlobalSection
	GlobalSection(ProjectConfigurationPlatforms) = postSolution
		{4732CB1D-80A6-4EDC-ABDB-D5727A690548}.Debug|Any CPU.ActiveCfg = Debug|Any CPU
		{4732CB1D-80A6-4EDC-ABDB-D5727A690548}.Debug|Any CPU.Build.0 = Debug|Any CPU
		{4732CB1D-80A6-4EDC-ABDB-D5727A690548}.Release|Any CPU.ActiveCfg = Release|Any CPU
		{4732CB1D-80A6-4EDC-ABDB-D5727A690548}.Release|Any CPU.Build.0 = Release|Any CPU
	EndGlobalSection
	GlobalSection(SolutionProperties) = preSolution
		HideSolutionNode = FALSE
	EndGlobalSection
	GlobalSection(ExtensibilityGlobals) = postSolution
		SolutionGuid = {CC172106-FC91-4BA4-8868-8F96B66CDD2A}
	EndGlobalSection
EndGlobal
